# THIS IS AN AUTOGENERATED FILE. DO NOT EDIT THIS FILE DIRECTLY.
# yarn lockfile v1


"@protobufjs/aspromise@^1.1.1", "@protobufjs/aspromise@^1.1.2":
  version "1.1.2"
  resolved "https://registry.yarnpkg.com/@protobufjs/aspromise/-/aspromise-1.1.2.tgz#9b8b0cc663d669a7d8f6f5d0893a14d348f30fbf"

"@protobufjs/base64@^1.1.2":
  version "1.1.2"
  resolved "https://registry.yarnpkg.com/@protobufjs/base64/-/base64-1.1.2.tgz#4c85730e59b9a1f1f349047dbf24296034bb2735"

"@protobufjs/codegen@^2.0.4":
  version "2.0.4"
  resolved "https://registry.yarnpkg.com/@protobufjs/codegen/-/codegen-2.0.4.tgz#7ef37f0d010fb028ad1ad59722e506d9262815cb"

"@protobufjs/eventemitter@^1.1.0":
  version "1.1.0"
  resolved "https://registry.yarnpkg.com/@protobufjs/eventemitter/-/eventemitter-1.1.0.tgz#355cbc98bafad5978f9ed095f397621f1d066b70"

"@protobufjs/fetch@^1.1.0":
  version "1.1.0"
  resolved "https://registry.yarnpkg.com/@protobufjs/fetch/-/fetch-1.1.0.tgz#ba99fb598614af65700c1619ff06d454b0d84c45"
  dependencies:
    "@protobufjs/aspromise" "^1.1.1"
    "@protobufjs/inquire" "^1.1.0"

"@protobufjs/float@^1.0.2":
  version "1.0.2"
  resolved "https://registry.yarnpkg.com/@protobufjs/float/-/float-1.0.2.tgz#5e9e1abdcb73fc0a7cb8b291df78c8cbd97b87d1"

"@protobufjs/inquire@^1.1.0":
  version "1.1.0"
  resolved "https://registry.yarnpkg.com/@protobufjs/inquire/-/inquire-1.1.0.tgz#ff200e3e7cf2429e2dcafc1140828e8cc638f089"

"@protobufjs/path@^1.1.2":
  version "1.1.2"
  resolved "https://registry.yarnpkg.com/@protobufjs/path/-/path-1.1.2.tgz#6cc2b20c5c9ad6ad0dccfd21ca7673d8d7fbf68d"

"@protobufjs/pool@^1.1.0":
  version "1.1.0"
  resolved "https://registry.yarnpkg.com/@protobufjs/pool/-/pool-1.1.0.tgz#09fd15f2d6d3abfa9b65bc366506d6ad7846ff54"

"@protobufjs/utf8@^1.1.0":
  version "1.1.0"
  resolved "https://registry.yarnpkg.com/@protobufjs/utf8/-/utf8-1.1.0.tgz#a777360b5b39a1a2e5106f8e858f2fd2d060c570"

"@types/long@^3.0.32":
  version "3.0.32"
  resolved "https://registry.yarnpkg.com/@types/long/-/long-3.0.32.tgz#f4e5af31e9e9b196d8e5fca8a5e2e20aa3d60b69"

"@types/node@^8.9.4":
  version "8.10.17"
  resolved "https://registry.yarnpkg.com/@types/node/-/node-8.10.17.tgz#d48cf10f0dc6dcf59f827f5a3fc7a4a6004318d3"

asn1.js@1.0.3:
  version "1.0.3"
  resolved "https://registry.yarnpkg.com/asn1.js/-/asn1.js-1.0.3.tgz#281ba3ec1f2448fe765f92a4eecf883fe1364b54"
  dependencies:
    inherits "^2.0.1"
    minimalistic-assert "^1.0.0"
  optionalDependencies:
    bn.js "^1.0.0"

asn1.js@^5.0.0:
  version "5.0.0"
  resolved "https://registry.yarnpkg.com/asn1.js/-/asn1.js-5.0.0.tgz#2b0abbc7fa66dc0aadd06a4683c73608c32b0696"
  dependencies:
    bn.js "^4.0.0"
    inherits "^2.0.1"
    minimalistic-assert "^1.0.0"

assert@^1.4.1:
  version "1.4.1"
  resolved "https://registry.yarnpkg.com/assert/-/assert-1.4.1.tgz#99912d591836b5a6f5b345c0f07eefc08fc65d91"
  dependencies:
    util "0.10.3"

async@^2.5.0, async@^2.6.0, async@^2.6.1:
  version "2.6.1"
  resolved "https://registry.yarnpkg.com/async/-/async-2.6.1.tgz#b245a23ca71930044ec53fa46aa00a3e87c6a610"
  dependencies:
    lodash "^4.17.10"

base-x@3.0.4, base-x@^3.0.2:
  version "3.0.4"
  resolved "https://registry.yarnpkg.com/base-x/-/base-x-3.0.4.tgz#94c1788736da065edb1d68808869e357c977fa77"
  dependencies:
    safe-buffer "^5.0.1"

base32.js@^0.1.0:
  version "0.1.0"
  resolved "https://registry.yarnpkg.com/base32.js/-/base32.js-0.1.0.tgz#b582dec693c2f11e893cf064ee6ac5b6131a2202"

big.js@^5.0.3:
  version "5.1.2"
  resolved "https://registry.yarnpkg.com/big.js/-/big.js-5.1.2.tgz#946c634f3efd9c8dcd98f953e96a5f389dac3fec"

bindings@^1.2.1:
  version "1.3.0"
  resolved "https://registry.yarnpkg.com/bindings/-/bindings-1.3.0.tgz#b346f6ecf6a95f5a815c5839fc7cdb22502f1ed7"

bip66@^1.1.3:
  version "1.1.5"
  resolved "https://registry.yarnpkg.com/bip66/-/bip66-1.1.5.tgz#01fa8748785ca70955d5011217d1b3139969ca22"
  dependencies:
    safe-buffer "^5.0.1"

blakejs@^1.1.0:
  version "1.1.0"
  resolved "https://registry.yarnpkg.com/blakejs/-/blakejs-1.1.0.tgz#69df92ef953aa88ca51a32df6ab1c54a155fc7a5"

bn.js@^1.0.0:
  version "1.3.0"
  resolved "https://registry.yarnpkg.com/bn.js/-/bn.js-1.3.0.tgz#0db4cbf96f8f23b742f5bcb9d1aa7a9994a05e83"

bn.js@^4.0.0, bn.js@^4.11.3, bn.js@^4.4.0:
  version "4.11.8"
  resolved "https://registry.yarnpkg.com/bn.js/-/bn.js-4.11.8.tgz#2cde09eb5ee341f484746bb0309b3253b1b1442f"

brorand@^1.0.1:
  version "1.1.0"
  resolved "https://registry.yarnpkg.com/brorand/-/brorand-1.1.0.tgz#12c25efe40a45e3c323eb8675a0a0ce57b22371f"

browserify-aes@^1.0.6, browserify-aes@^1.1.1, browserify-aes@^1.2.0:
  version "1.2.0"
  resolved "https://registry.yarnpkg.com/browserify-aes/-/browserify-aes-1.2.0.tgz#326734642f403dabc3003209853bb70ad428ef48"
  dependencies:
    buffer-xor "^1.0.3"
    cipher-base "^1.0.0"
    create-hash "^1.1.0"
    evp_bytestokey "^1.0.3"
    inherits "^2.0.1"
    safe-buffer "^5.0.1"

bs58@^4.0.1:
  version "4.0.1"
  resolved "https://registry.yarnpkg.com/bs58/-/bs58-4.0.1.tgz#be161e76c354f6f788ae4071f63f34e8c4f0a42a"
  dependencies:
    base-x "^3.0.2"

buffer-alloc-unsafe@^1.0.0:
  version "1.0.0"
  resolved "https://registry.yarnpkg.com/buffer-alloc-unsafe/-/buffer-alloc-unsafe-1.0.0.tgz#474aa88f34e7bc75fa311d2e6457409c5846c3fe"

buffer-from@^1.0.0:
  version "1.0.0"
  resolved "https://registry.yarnpkg.com/buffer-from/-/buffer-from-1.0.0.tgz#4cb8832d23612589b0406e9e2956c17f06fdf531"

buffer-indexof@~0.0.0:
  version "0.0.2"
  resolved "https://registry.yarnpkg.com/buffer-indexof/-/buffer-indexof-0.0.2.tgz#ed0f36b7ae166a66a7cd174c0467ae8dedf008f5"

buffer-split@^1.0.0:
  version "1.0.0"
  resolved "https://registry.yarnpkg.com/buffer-split/-/buffer-split-1.0.0.tgz#4427dbff53731b61d7a71aba47f503396613784a"
  dependencies:
    buffer-indexof "~0.0.0"

buffer-xor@^1.0.3:
  version "1.0.3"
  resolved "https://registry.yarnpkg.com/buffer-xor/-/buffer-xor-1.0.3.tgz#26e61ed1422fb70dd42e6e36729ed51d855fe8d9"

chunky@0.0.0:
  version "0.0.0"
  resolved "https://registry.yarnpkg.com/chunky/-/chunky-0.0.0.tgz#1e7580a23c083897d2ad662459e7efd8465f608a"

cids@^0.5.3, cids@~0.5.3:
  version "0.5.3"
  resolved "https://registry.yarnpkg.com/cids/-/cids-0.5.3.tgz#9a25b697eb76faf807afcec35c4ab936edfbd0a4"
  dependencies:
    multibase "~0.4.0"
    multicodec "~0.2.6"
    multihashes "~0.4.13"

cipher-base@^1.0.0, cipher-base@^1.0.1, cipher-base@^1.0.3:
  version "1.0.4"
  resolved "https://registry.yarnpkg.com/cipher-base/-/cipher-base-1.0.4.tgz#8760e4ecc272f4c363532f926d874aae2c1397de"
  dependencies:
    inherits "^2.0.1"
    safe-buffer "^5.0.1"

class-is@^1.1.0:
  version "1.1.0"
  resolved "https://registry.yarnpkg.com/class-is/-/class-is-1.1.0.tgz#9d3c0fba0440d211d843cec3dedfa48055005825"

concat-stream@^1.6.2:
  version "1.6.2"
  resolved "https://registry.yarnpkg.com/concat-stream/-/concat-stream-1.6.2.tgz#904bdf194cd3122fc675c77fc4ac3d4ff0fd1a34"
  dependencies:
    buffer-from "^1.0.0"
    inherits "^2.0.3"
    readable-stream "^2.2.2"
    typedarray "^0.0.6"

core-util-is@~1.0.0:
  version "1.0.2"
  resolved "https://registry.yarnpkg.com/core-util-is/-/core-util-is-1.0.2.tgz#b5fd54220aa2bc5ab57aab7140c940754503c1a7"

create-hash@^1.1.0, create-hash@^1.1.2:
  version "1.2.0"
  resolved "https://registry.yarnpkg.com/create-hash/-/create-hash-1.2.0.tgz#889078af11a63756bcfb59bd221996be3a9ef196"
  dependencies:
    cipher-base "^1.0.1"
    inherits "^2.0.1"
    md5.js "^1.3.4"
    ripemd160 "^2.0.1"
    sha.js "^2.4.0"

create-hmac@^1.1.4:
  version "1.1.7"
  resolved "https://registry.yarnpkg.com/create-hmac/-/create-hmac-1.1.7.tgz#69170c78b3ab957147b2b8b04572e47ead2243ff"
  dependencies:
    cipher-base "^1.0.3"
    create-hash "^1.1.0"
    inherits "^2.0.1"
    ripemd160 "^2.0.0"
    safe-buffer "^5.0.1"
    sha.js "^2.4.8"

debug@^2.6.8:
  version "2.6.9"
  resolved "https://registry.yarnpkg.com/debug/-/debug-2.6.9.tgz#5d128515df134ff327e90a4c93f4e077a536341f"
  dependencies:
    ms "2.0.0"

debug@^3.1.0:
  version "3.1.0"
  resolved "https://registry.yarnpkg.com/debug/-/debug-3.1.0.tgz#5bb5a0672628b64149566ba16819e61518c67261"
  dependencies:
    ms "2.0.0"

detect-node@^2.0.3:
  version "2.0.3"
  resolved "https://registry.yarnpkg.com/detect-node/-/detect-node-2.0.3.tgz#a2033c09cc8e158d37748fbde7507832bd6ce127"

dns-packet@^4.0.0:
  version "4.2.0"
  resolved "https://registry.yarnpkg.com/dns-packet/-/dns-packet-4.2.0.tgz#3fd6f5ff5a4ec3194ed0b15312693ffe8776b343"
  dependencies:
    ip "^1.1.5"
    safe-buffer "^5.1.1"

drbg.js@^1.0.1:
  version "1.0.1"
  resolved "https://registry.yarnpkg.com/drbg.js/-/drbg.js-1.0.1.tgz#3e36b6c42b37043823cdbc332d58f31e2445480b"
  dependencies:
    browserify-aes "^1.0.6"
    create-hash "^1.1.2"
    create-hmac "^1.1.4"

duplexify@^3.5.4:
  version "3.6.0"
  resolved "https://registry.yarnpkg.com/duplexify/-/duplexify-3.6.0.tgz#592903f5d80b38d037220541264d69a198fb3410"
  dependencies:
    end-of-stream "^1.0.0"
    inherits "^2.0.1"
    readable-stream "^2.0.0"
    stream-shift "^1.0.0"

elliptic@^6.2.3:
  version "6.4.0"
  resolved "https://registry.yarnpkg.com/elliptic/-/elliptic-6.4.0.tgz#cac9af8762c85836187003c8dfe193e5e2eae5df"
  dependencies:
    bn.js "^4.4.0"
    brorand "^1.0.1"
    hash.js "^1.0.0"
    hmac-drbg "^1.0.0"
    inherits "^2.0.1"
    minimalistic-assert "^1.0.0"
    minimalistic-crypto-utils "^1.0.0"

end-of-stream@^1.0.0, end-of-stream@^1.1.0:
  version "1.4.1"
  resolved "https://registry.yarnpkg.com/end-of-stream/-/end-of-stream-1.4.1.tgz#ed29634d19baba463b6ce6b80a37213eab71ec43"
  dependencies:
    once "^1.4.0"

evp_bytestokey@^1.0.3:
  version "1.0.3"
  resolved "https://registry.yarnpkg.com/evp_bytestokey/-/evp_bytestokey-1.0.3.tgz#7fcbdb198dc71959432efe13842684e0525acb02"
  dependencies:
    md5.js "^1.3.4"
    safe-buffer "^5.1.1"

hash-base@^3.0.0:
  version "3.0.4"
  resolved "https://registry.yarnpkg.com/hash-base/-/hash-base-3.0.4.tgz#5fc8686847ecd73499403319a6b0a3f3f6ae4918"
  dependencies:
    inherits "^2.0.1"
    safe-buffer "^5.0.1"

hash.js@^1.0.0, hash.js@^1.0.3:
  version "1.1.3"
  resolved "https://registry.yarnpkg.com/hash.js/-/hash.js-1.1.3.tgz#340dedbe6290187151c1ea1d777a3448935df846"
  dependencies:
    inherits "^2.0.3"
    minimalistic-assert "^1.0.0"

hashlru@^2.2.1:
  version "2.2.1"
  resolved "https://registry.yarnpkg.com/hashlru/-/hashlru-2.2.1.tgz#10f2099a0d7c05a40f2beaf5c1d39cf2f7dabf36"

heap@^0.2.6:
  version "0.2.6"
  resolved "https://registry.yarnpkg.com/heap/-/heap-0.2.6.tgz#087e1f10b046932fc8594dd9e6d378afc9d1e5ac"

hmac-drbg@^1.0.0:
  version "1.0.1"
  resolved "https://registry.yarnpkg.com/hmac-drbg/-/hmac-drbg-1.0.1.tgz#d2745701025a6c775a6c545793ed502fc0c649a1"
  dependencies:
    hash.js "^1.0.3"
    minimalistic-assert "^1.0.0"
    minimalistic-crypto-utils "^1.0.1"

hpack.js@^2.1.6:
  version "2.1.6"
  resolved "https://registry.yarnpkg.com/hpack.js/-/hpack.js-2.1.6.tgz#87774c0949e513f42e84575b3c45681fade2a0b2"
  dependencies:
    inherits "^2.0.1"
    obuf "^1.0.0"
    readable-stream "^2.0.1"
    wbuf "^1.1.0"

inherits@2.0.1:
  version "2.0.1"
  resolved "https://registry.yarnpkg.com/inherits/-/inherits-2.0.1.tgz#b17d08d326b4423e568eff719f91b0b1cbdf69f1"

inherits@^2.0.1, inherits@^2.0.3, inherits@~2.0.3:
  version "2.0.3"
  resolved "https://registry.yarnpkg.com/inherits/-/inherits-2.0.3.tgz#633c2c83e3da42a502f52466022480f4208261de"

interface-connection@^0.3.2, interface-connection@~0.3.2:
  version "0.3.2"
  resolved "https://registry.yarnpkg.com/interface-connection/-/interface-connection-0.3.2.tgz#e4949883f6ea79fb7edd01ee3f4fca47a29fd2c4"
  dependencies:
    pull-defer "~0.2.2"
    timed-tape "~0.1.1"

interface-datastore@~0.4.2:
  version "0.4.2"
  resolved "https://registry.yarnpkg.com/interface-datastore/-/interface-datastore-0.4.2.tgz#5a3aee2959058838e0a394665dafcddc82305bef"
  dependencies:
    async "^2.6.0"
    pull-defer "^0.2.2"
    pull-stream "^3.6.1"
    uuid "^3.1.0"

ip-address@^5.8.9:
  version "5.8.9"
  resolved "https://registry.yarnpkg.com/ip-address/-/ip-address-5.8.9.tgz#6379277c23fc5adb20511e4d23ec2c1bde105dfd"
  dependencies:
    jsbn "1.1.0"
    lodash.find "^4.6.0"
    lodash.max "^4.0.1"
    lodash.merge "^4.6.0"
    lodash.padstart "^4.6.1"
    lodash.repeat "^4.1.0"
    sprintf-js "1.1.0"

ip@^1.1.5:
  version "1.1.5"
  resolved "https://registry.yarnpkg.com/ip/-/ip-1.1.5.tgz#bdded70114290828c0a039e72ef25f5aaec4354a"

is-promise@~1, is-promise@~1.0.0:
  version "1.0.1"
  resolved "https://registry.yarnpkg.com/is-promise/-/is-promise-1.0.1.tgz#31573761c057e33c2e91aab9e96da08cefbe76e5"

isarray@~1.0.0:
  version "1.0.0"
  resolved "https://registry.yarnpkg.com/isarray/-/isarray-1.0.0.tgz#bb935d48582cba168c06834957a54a3e07124f11"

js-sha3@^0.7.0:
  version "0.7.0"
  resolved "https://registry.yarnpkg.com/js-sha3/-/js-sha3-0.7.0.tgz#0a5c57b36f79882573b2d84051f8bb85dd1bd63a"

jsbn@1.1.0:
  version "1.1.0"
  resolved "https://registry.yarnpkg.com/jsbn/-/jsbn-1.1.0.tgz#b01307cb29b618a1ed26ec79e911f803c4da0040"

k-bucket@^4.0.0:
  version "4.0.1"
  resolved "https://registry.yarnpkg.com/k-bucket/-/k-bucket-4.0.1.tgz#3fc2e5693f0b7bff90d7b6b476edd6087955d542"
  dependencies:
    inherits "^2.0.1"
    randombytes "^2.0.3"

keypair@^1.0.1:
  version "1.0.1"
  resolved "https://registry.yarnpkg.com/keypair/-/keypair-1.0.1.tgz#7603719270afb6564ed38a22087a06fc9aa4ea1b"

left-pad@^1.1.3:
  version "1.3.0"
  resolved "https://registry.yarnpkg.com/left-pad/-/left-pad-1.3.0.tgz#5b8a3a7765dfe001261dde915589e782f8c94d1e"

length-prefixed-stream@^1.5.2:
  version "1.5.2"
  resolved "https://registry.yarnpkg.com/length-prefixed-stream/-/length-prefixed-stream-1.5.2.tgz#269b29ff76324361727447f1bfacb762e6965a8f"
  dependencies:
    buffer-alloc-unsafe "^1.0.0"
    readable-stream "^2.0.0"
    varint "^5.0.0"

libp2p-circuit@~0.2.0:
  version "0.2.0"
  resolved "https://registry.yarnpkg.com/libp2p-circuit/-/libp2p-circuit-0.2.0.tgz#b7f5bd92e1d8579d9c004abfd5ad762f9caa1bb1"
  dependencies:
    assert "^1.4.1"
    async "^2.6.0"
    debug "^3.1.0"
    interface-connection "^0.3.2"
    lodash "^4.17.5"
    mafmt "^6.0.0"
    multiaddr "^4.0.0"
    multistream-select "^0.14.1"
    peer-id "^0.10.7"
    peer-info "^0.14.0"
    protons "^1.0.1"
    pull-abortable "^4.1.1"
    pull-handshake "^1.1.4"
    pull-stream "^3.6.7"
    safe-buffer "^5.1.1"
    setimmediate "^1.0.5"

libp2p-crypto-secp256k1@~0.2.2:
  version "0.2.2"
  resolved "https://registry.yarnpkg.com/libp2p-crypto-secp256k1/-/libp2p-crypto-secp256k1-0.2.2.tgz#0dd521f18abc4e36a152e24e9b36307b0ae9cf05"
  dependencies:
    async "^2.5.0"
    multihashing-async "~0.4.6"
    nodeify "^1.0.1"
    safe-buffer "^5.1.1"
    secp256k1 "^3.3.0"

libp2p-crypto@~0.12.1:
  version "0.12.1"
  resolved "https://registry.yarnpkg.com/libp2p-crypto/-/libp2p-crypto-0.12.1.tgz#4a870d269ba3150dfe014e4f9aea1e55076015c8"
  dependencies:
    asn1.js "^5.0.0"
    async "^2.6.0"
    browserify-aes "^1.1.1"
    bs58 "^4.0.1"
    keypair "^1.0.1"
    libp2p-crypto-secp256k1 "~0.2.2"
    multihashing-async "~0.4.7"
    node-forge "^0.7.1"
    pem-jwk "^1.5.1"
    protons "^1.0.1"
    rsa-pem-to-jwk "^1.1.3"
    tweetnacl "^1.0.0"
    webcrypto-shim "github:dignifiedquire/webcrypto-shim#master"

libp2p-crypto@~0.13.0:
  version "0.13.0"
  resolved "https://registry.yarnpkg.com/libp2p-crypto/-/libp2p-crypto-0.13.0.tgz#25404ea43bf2fd3802780d9ab87b5d2095d86f07"
  dependencies:
    asn1.js "^5.0.0"
    async "^2.6.0"
    browserify-aes "^1.2.0"
    bs58 "^4.0.1"
    keypair "^1.0.1"
    libp2p-crypto-secp256k1 "~0.2.2"
    multihashing-async "~0.4.8"
    node-forge "^0.7.5"
    pem-jwk "^1.5.1"
    protons "^1.0.1"
    rsa-pem-to-jwk "^1.1.3"
    tweetnacl "^1.0.0"
    webcrypto-shim "github:dignifiedquire/webcrypto-shim#master"

libp2p-floodsub@^0.15.0:
  version "0.15.0"
  resolved "https://registry.yarnpkg.com/libp2p-floodsub/-/libp2p-floodsub-0.15.0.tgz#2ab70bed288b105d7cb80bef05a4ab91c08af768"
  dependencies:
    async "^2.6.0"
    bs58 "^4.0.1"
    debug "^3.1.0"
    length-prefixed-stream "^1.5.2"
    libp2p-crypto "~0.13.0"
    lodash.values "^4.3.0"
    protons "^1.0.1"
    pull-pushable "^2.2.0"
    time-cache "~0.3.0"

libp2p-identify@~0.7.1:
  version "0.7.1"
  resolved "https://registry.yarnpkg.com/libp2p-identify/-/libp2p-identify-0.7.1.tgz#f521659906d3e9c3720270c6688e87d68ad60cc1"
  dependencies:
    multiaddr "^5.0.0"
    peer-id "~0.10.7"
    peer-info "~0.14.1"
    protons "^1.0.1"
    pull-length-prefixed "^1.3.0"
    pull-stream "^3.6.7"

libp2p-kad-dht@^0.10.0:
  version "0.10.0"
  resolved "https://registry.yarnpkg.com/libp2p-kad-dht/-/libp2p-kad-dht-0.10.0.tgz#d4de2a25a7d0bb1d66e95519571a54f7c75617c4"
  dependencies:
    async "^2.6.0"
    base32.js "^0.1.0"
    cids "~0.5.3"
    debug "^3.1.0"
    hashlru "^2.2.1"
    heap "^0.2.6"
    interface-datastore "~0.4.2"
    k-bucket "^4.0.0"
    libp2p-crypto "~0.13.0"
    libp2p-record "~0.5.1"
    multihashing-async "~0.4.8"
    peer-id "~0.10.7"
    peer-info "~0.14.0"
    priorityqueue "^0.2.1"
    protons "^1.0.1"
    pull-length-prefixed "^1.3.0"
    pull-stream "^3.6.7"
    varint "^5.0.0"
    xor-distance "^1.0.0"

libp2p-mdns@^0.11.0:
  version "0.11.0"
  resolved "https://registry.yarnpkg.com/libp2p-mdns/-/libp2p-mdns-0.11.0.tgz#f1d0062d290ff3657d9447a20bbaa5a942449172"
  dependencies:
    libp2p-tcp "~0.12.0"
    multiaddr "^4.0.0"
    multicast-dns "^7.0.0"
    peer-id "~0.10.7"
    peer-info "~0.14.0"

libp2p-mplex@^0.7.0:
  version "0.7.0"
  resolved "https://registry.yarnpkg.com/libp2p-mplex/-/libp2p-mplex-0.7.0.tgz#0f915e1ba3cec69e66297b7973110f1bfa9ba5e4"
  dependencies:
    async "^2.6.0"
    chunky "0.0.0"
    concat-stream "^1.6.2"
    debug "^3.1.0"
    duplexify "^3.5.4"
    pull-catch "^1.0.0"
    pull-stream "^3.6.7"
    pull-stream-to-stream "^1.3.4"
    pump "^3.0.0"
    readable-stream "^2.3.6"
    stream-to-pull-stream "^1.7.2"
    through2 "^2.0.3"
    varint "^5.0.0"

libp2p-ping@~0.8.0:
  version "0.8.0"
  resolved "https://registry.yarnpkg.com/libp2p-ping/-/libp2p-ping-0.8.0.tgz#14e23d87c69005a1e02895568359c34d2e89fa65"
  dependencies:
    libp2p-crypto "~0.13.0"
    pull-handshake "^1.1.4"
    pull-stream "^3.6.7"

libp2p-railing@^0.8.1:
  version "0.8.1"
  resolved "https://registry.yarnpkg.com/libp2p-railing/-/libp2p-railing-0.8.1.tgz#d9582805f582062800a4aaebe3cef58d88f7f52d"
  dependencies:
    async "^2.6.0"
    debug "^3.1.0"
    lodash "^4.17.5"
    mafmt "^6.0.0"
    multiaddr "^4.0.0"
    peer-id "~0.10.7"
    peer-info "~0.14.1"

libp2p-record@~0.5.1:
  version "0.5.1"
  resolved "https://registry.yarnpkg.com/libp2p-record/-/libp2p-record-0.5.1.tgz#dfdec043c67a86bc6bfea6b123a6e603d9fe07e8"
  dependencies:
    async "^2.5.0"
    buffer-split "^1.0.0"
    left-pad "^1.1.3"
    multihashes "~0.4.9"
    multihashing-async "~0.4.6"
    peer-id "~0.10.0"
    protons "^1.0.0"

libp2p-secio@^0.10.0:
  version "0.10.0"
  resolved "https://registry.yarnpkg.com/libp2p-secio/-/libp2p-secio-0.10.0.tgz#981294451025ad09b5b5730c868f09bae9c7a48d"
  dependencies:
    async "^2.6.0"
    debug "^3.1.0"
    interface-connection "~0.3.2"
    libp2p-crypto "~0.12.1"
    multihashing-async "~0.4.8"
    peer-id "~0.10.7"
    peer-info "^0.14.0"
    protons "^1.0.1"
    pull-defer "^0.2.2"
    pull-handshake "^1.1.4"
    pull-length-prefixed "^1.3.0"
    pull-stream "^3.6.7"

libp2p-spdy@0.12.1:
  version "0.12.1"
  resolved "https://registry.yarnpkg.com/libp2p-spdy/-/libp2p-spdy-0.12.1.tgz#629bf2d09c72c792797eaccd1609355baa8f512a"
  dependencies:
    interface-connection "~0.3.2"
    lodash.noop "^3.0.1"
    pull-stream-to-stream "^1.3.4"
    spdy-transport "^2.1.0"
    stream-to-pull-stream "^1.7.2"

libp2p-switch@~0.39.2:
  version "0.39.2"
  resolved "https://registry.yarnpkg.com/libp2p-switch/-/libp2p-switch-0.39.2.tgz#1a9a8846b646042b3a4c1ce57163a8b612f47335"
  dependencies:
    async "^2.6.0"
    big.js "^5.0.3"
    debug "^3.1.0"
    interface-connection "~0.3.2"
    ip-address "^5.8.9"
    libp2p-circuit "~0.2.0"
    libp2p-identify "~0.7.1"
    lodash.includes "^4.3.0"
    moving-average "^1.0.0"
    multiaddr "^5.0.0"
    multistream-select "~0.14.2"
    once "^1.4.0"
    peer-id "~0.10.7"
    peer-info "~0.14.1"
    pull-stream "^3.6.7"
    quick-lru "^1.1.0"

libp2p-tcp@^0.12.0, libp2p-tcp@~0.12.0:
  version "0.12.0"
  resolved "https://registry.yarnpkg.com/libp2p-tcp/-/libp2p-tcp-0.12.0.tgz#a41737cb999485299df9fff3f692750f0428adea"
  dependencies:
    class-is "^1.1.0"
    debug "^3.1.0"
    interface-connection "~0.3.2"
    ip-address "^5.8.9"
    lodash.includes "^4.3.0"
    lodash.isfunction "^3.0.9"
    mafmt "^6.0.0"
    multiaddr "^4.0.0"
    once "^1.4.0"
    stream-to-pull-stream "^1.7.2"

libp2p-websockets@^0.12.0:
  version "0.12.0"
  resolved "https://registry.yarnpkg.com/libp2p-websockets/-/libp2p-websockets-0.12.0.tgz#b0044535041b7689f116f36e46f511671c8b1f12"
  dependencies:
    class-is "^1.1.0"
    interface-connection "~0.3.2"
    lodash.includes "^4.3.0"
    mafmt "^6.0.0"
    pull-ws "^3.3.1"

libp2p@0.20.4:
  version "0.20.4"
  resolved "https://registry.yarnpkg.com/libp2p/-/libp2p-0.20.4.tgz#c4e177ada316063e0e6d33225a08b8ee3180c969"
  dependencies:
    async "^2.6.0"
    libp2p-floodsub "^0.15.0"
    libp2p-ping "~0.8.0"
    libp2p-switch "~0.39.2"
    libp2p-websockets "^0.12.0"
    mafmt "^6.0.0"
    multiaddr "^5.0.0"
    peer-book "~0.7.0"
    peer-id "~0.10.7"
    peer-info "~0.14.1"

lodash.filter@^4.6.0:
  version "4.6.0"
  resolved "https://registry.yarnpkg.com/lodash.filter/-/lodash.filter-4.6.0.tgz#668b1d4981603ae1cc5a6fa760143e480b4c4ace"

lodash.find@^4.6.0:
  version "4.6.0"
  resolved "https://registry.yarnpkg.com/lodash.find/-/lodash.find-4.6.0.tgz#cb0704d47ab71789ffa0de8b97dd926fb88b13b1"

lodash.includes@^4.3.0:
  version "4.3.0"
  resolved "https://registry.yarnpkg.com/lodash.includes/-/lodash.includes-4.3.0.tgz#60bb98a87cb923c68ca1e51325483314849f553f"

lodash.isfunction@^3.0.9:
  version "3.0.9"
  resolved "https://registry.yarnpkg.com/lodash.isfunction/-/lodash.isfunction-3.0.9.tgz#06de25df4db327ac931981d1bdb067e5af68d051"

lodash.map@^4.6.0:
  version "4.6.0"
  resolved "https://registry.yarnpkg.com/lodash.map/-/lodash.map-4.6.0.tgz#771ec7839e3473d9c4cde28b19394c3562f4f6d3"

lodash.max@^4.0.1:
  version "4.0.1"
  resolved "https://registry.yarnpkg.com/lodash.max/-/lodash.max-4.0.1.tgz#8735566c618b35a9f760520b487ae79658af136a"

lodash.merge@^4.6.0:
  version "4.6.1"
  resolved "https://registry.yarnpkg.com/lodash.merge/-/lodash.merge-4.6.1.tgz#adc25d9cb99b9391c59624f379fbba60d7111d54"

lodash.noop@^3.0.1:
  version "3.0.1"
  resolved "https://registry.yarnpkg.com/lodash.noop/-/lodash.noop-3.0.1.tgz#38188f4d650a3a474258439b96ec45b32617133c"

lodash.padstart@^4.6.1:
  version "4.6.1"
  resolved "https://registry.yarnpkg.com/lodash.padstart/-/lodash.padstart-4.6.1.tgz#d2e3eebff0d9d39ad50f5cbd1b52a7bce6bb611b"

lodash.range@^3.2.0:
  version "3.2.0"
  resolved "https://registry.yarnpkg.com/lodash.range/-/lodash.range-3.2.0.tgz#f461e588f66683f7eadeade513e38a69a565a15d"

lodash.repeat@^4.1.0:
  version "4.1.0"
  resolved "https://registry.yarnpkg.com/lodash.repeat/-/lodash.repeat-4.1.0.tgz#fc7de8131d8c8ac07e4b49f74ffe829d1f2bec44"

lodash.throttle@^4.1.1:
  version "4.1.1"
  resolved "https://registry.yarnpkg.com/lodash.throttle/-/lodash.throttle-4.1.1.tgz#c23e91b710242ac70c37f1e1cda9274cc39bf2f4"

lodash.uniqby@^4.7.0:
  version "4.7.0"
  resolved "https://registry.yarnpkg.com/lodash.uniqby/-/lodash.uniqby-4.7.0.tgz#d99c07a669e9e6d24e1362dfe266c67616af1302"

lodash.values@^4.3.0:
  version "4.3.0"
  resolved "https://registry.yarnpkg.com/lodash.values/-/lodash.values-4.3.0.tgz#a3a6c2b0ebecc5c2cba1c17e6e620fe81b53d347"

lodash@^4.17.10, lodash@^4.17.5:
  version "4.17.10"
  resolved "https://registry.yarnpkg.com/lodash/-/lodash-4.17.10.tgz#1b7793cf7259ea38fb3661d4d38b3260af8ae4e7"

long@^4.0.0:
  version "4.0.0"
  resolved "https://registry.yarnpkg.com/long/-/long-4.0.0.tgz#9a7b71cfb7d361a194ea555241c92f7468d5bf28"

looper@^3.0.0:
  version "3.0.0"
  resolved "https://registry.yarnpkg.com/looper/-/looper-3.0.0.tgz#2efa54c3b1cbaba9b94aee2e5914b0be57fbb749"

mafmt@^6.0.0:
  version "6.0.0"
  resolved "https://registry.yarnpkg.com/mafmt/-/mafmt-6.0.0.tgz#ec13f8761253354c23420ae3903c837b6649caa6"
  dependencies:
    multiaddr "^4.0.0"

md5.js@^1.3.4:
  version "1.3.4"
  resolved "https://registry.yarnpkg.com/md5.js/-/md5.js-1.3.4.tgz#e9bdbde94a20a5ac18b04340fc5764d5b09d901d"
  dependencies:
    hash-base "^3.0.0"
    inherits "^2.0.1"

minimalistic-assert@^1.0.0:
  version "1.0.1"
  resolved "https://registry.yarnpkg.com/minimalistic-assert/-/minimalistic-assert-1.0.1.tgz#2e194de044626d4a10e7f7fbc00ce73e83e4d5c7"

minimalistic-crypto-utils@^1.0.0, minimalistic-crypto-utils@^1.0.1:
  version "1.0.1"
  resolved "https://registry.yarnpkg.com/minimalistic-crypto-utils/-/minimalistic-crypto-utils-1.0.1.tgz#f6c00c1c0b082246e5c4d99dfb8c7c083b2b582a"

moving-average@^1.0.0:
  version "1.0.0"
  resolved "https://registry.yarnpkg.com/moving-average/-/moving-average-1.0.0.tgz#b1247ba8dd2d7927c619f1eac8036cf933d65adc"

ms@2.0.0:
  version "2.0.0"
  resolved "https://registry.yarnpkg.com/ms/-/ms-2.0.0.tgz#5608aeadfc00be6c2901df5f9861788de0d597c8"

multiaddr@^4.0.0:
  version "4.0.0"
  resolved "https://registry.yarnpkg.com/multiaddr/-/multiaddr-4.0.0.tgz#70a8857c4f737350bc2c56914a70f1263889db33"
  dependencies:
    bs58 "^4.0.1"
    class-is "^1.1.0"
    ip "^1.1.5"
    ip-address "^5.8.9"
    lodash.filter "^4.6.0"
    lodash.map "^4.6.0"
    varint "^5.0.0"
    xtend "^4.0.1"

multiaddr@^5.0.0:
  version "5.0.0"
  resolved "https://registry.yarnpkg.com/multiaddr/-/multiaddr-5.0.0.tgz#c8d7492d8506de470610f6c1adb82af9a69d6748"
  dependencies:
    bs58 "^4.0.1"
    class-is "^1.1.0"
    ip "^1.1.5"
    ip-address "^5.8.9"
    lodash.filter "^4.6.0"
    lodash.map "^4.6.0"
    varint "^5.0.0"
    xtend "^4.0.1"

multibase@~0.4.0:
  version "0.4.0"
  resolved "https://registry.yarnpkg.com/multibase/-/multibase-0.4.0.tgz#1bdb62c82de0114f822a1d8751bcbee91cd2efba"
  dependencies:
    base-x "3.0.4"

multicast-dns@^7.0.0:
  version "7.0.0"
  resolved "https://registry.yarnpkg.com/multicast-dns/-/multicast-dns-7.0.0.tgz#68aa14c129377050f36bc318f8ba44101c4b3f38"
  dependencies:
    dns-packet "^4.0.0"
    thunky "^1.0.2"

multicodec@~0.2.6:
  version "0.2.6"
  resolved "https://registry.yarnpkg.com/multicodec/-/multicodec-0.2.6.tgz#9d2d6565fbc0815b139dfc906371fc39df4dfddb"
  dependencies:
    varint "^5.0.0"

multihashes@~0.4.13, multihashes@~0.4.9:
  version "0.4.13"
  resolved "https://registry.yarnpkg.com/multihashes/-/multihashes-0.4.13.tgz#d10bd71bd51d24aa894e2a6f1457146bb7bac125"
  dependencies:
    bs58 "^4.0.1"
    varint "^5.0.0"

multihashing-async@~0.4.6, multihashing-async@~0.4.7, multihashing-async@~0.4.8:
  version "0.4.8"
  resolved "https://registry.yarnpkg.com/multihashing-async/-/multihashing-async-0.4.8.tgz#41572b25a8fc68eb318b8562409fdd721a727ea1"
  dependencies:
    async "^2.6.0"
    blakejs "^1.1.0"
    js-sha3 "^0.7.0"
    multihashes "~0.4.13"
    murmurhash3js "^3.0.1"
    nodeify "^1.0.1"

multistream-select@^0.14.1, multistream-select@~0.14.2:
  version "0.14.2"
  resolved "https://registry.yarnpkg.com/multistream-select/-/multistream-select-0.14.2.tgz#f31e0993d6109e3fbfb7902806acb0de1a16f3e5"
  dependencies:
    async "^2.6.0"
    debug "^3.1.0"
    interface-connection "~0.3.2"
    lodash.isfunction "^3.0.9"
    lodash.range "^3.2.0"
    once "^1.4.0"
    pull-handshake "^1.1.4"
    pull-length-prefixed "^1.3.0"
    pull-stream "^3.6.7"
    semver "^5.5.0"
    varint "^5.0.0"

murmurhash3js@^3.0.1:
  version "3.0.1"
  resolved "https://registry.yarnpkg.com/murmurhash3js/-/murmurhash3js-3.0.1.tgz#3e983e5b47c2a06f43a713174e7e435ca044b998"

nan@^2.2.1:
  version "2.10.0"
  resolved "https://registry.yarnpkg.com/nan/-/nan-2.10.0.tgz#96d0cd610ebd58d4b4de9cc0c6828cda99c7548f"

node-forge@^0.7.1, node-forge@^0.7.5:
  version "0.7.5"
  resolved "https://registry.yarnpkg.com/node-forge/-/node-forge-0.7.5.tgz#6c152c345ce11c52f465c2abd957e8639cd674df"

nodeify@^1.0.1:
  version "1.0.1"
  resolved "https://registry.yarnpkg.com/nodeify/-/nodeify-1.0.1.tgz#64ab69a7bdbaf03ce107b4f0335c87c0b9e91b1d"
  dependencies:
    is-promise "~1.0.0"
    promise "~1.3.0"

object-assign@^2.0.0:
  version "2.1.1"
  resolved "https://registry.yarnpkg.com/object-assign/-/object-assign-2.1.1.tgz#43c36e5d569ff8e4816c4efa8be02d26967c18aa"

obuf@^1.0.0, obuf@^1.1.1:
  version "1.1.2"
  resolved "https://registry.yarnpkg.com/obuf/-/obuf-1.1.2.tgz#09bea3343d41859ebd446292d11c9d4db619084e"

once@^1.3.1, once@^1.4.0:
  version "1.4.0"
  resolved "https://registry.yarnpkg.com/once/-/once-1.4.0.tgz#583b1aa775961d4b113ac17d9c50baef9dd76bd1"
  dependencies:
    wrappy "1"

optimist@~0.3.5:
  version "0.3.7"
  resolved "https://registry.yarnpkg.com/optimist/-/optimist-0.3.7.tgz#c90941ad59e4273328923074d2cf2e7cbc6ec0d9"
  dependencies:
    wordwrap "~0.0.2"

options@>=0.0.5:
  version "0.0.6"
  resolved "https://registry.yarnpkg.com/options/-/options-0.0.6.tgz#ec22d312806bb53e731773e7cdaefcf1c643128f"

peer-book@^0.8.0:
  version "0.8.0"
  resolved "https://registry.yarnpkg.com/peer-book/-/peer-book-0.8.0.tgz#a15fdc3faca42ab575f5faae0ed0a0999fab8832"
  dependencies:
    bs58 "^4.0.1"
    peer-id "^0.10.7"
    peer-info "^0.14.1"

peer-book@~0.7.0:
  version "0.7.0"
  resolved "https://registry.yarnpkg.com/peer-book/-/peer-book-0.7.0.tgz#1b9ce0bba24605abd152cee07b39f5b55d9856fc"
  dependencies:
    bs58 "^4.0.1"
    peer-id "^0.10.7"
    peer-info "^0.14.0"

peer-id@^0.10.7, peer-id@~0.10.0, peer-id@~0.10.7:
  version "0.10.7"
  resolved "https://registry.yarnpkg.com/peer-id/-/peer-id-0.10.7.tgz#6c12634636fc90a0e7bc76360c95f73564461fdd"
  dependencies:
    async "^2.6.0"
    libp2p-crypto "~0.12.1"
    lodash "^4.17.5"
    multihashes "~0.4.13"

peer-info@^0.14.0, peer-info@^0.14.1, peer-info@~0.14.0, peer-info@~0.14.1:
  version "0.14.1"
  resolved "https://registry.yarnpkg.com/peer-info/-/peer-info-0.14.1.tgz#ac5aec421e9965f7b0e7576d717941bb25676134"
  dependencies:
    lodash.uniqby "^4.7.0"
    mafmt "^6.0.0"
    multiaddr "^4.0.0"
    peer-id "~0.10.7"

pem-jwk@^1.5.1:
  version "1.5.1"
  resolved "https://registry.yarnpkg.com/pem-jwk/-/pem-jwk-1.5.1.tgz#7a8637fd2f67a827e57c0c42e1c23c3fd52cfb01"
  dependencies:
    asn1.js "1.0.3"

priorityqueue@^0.2.1:
  version "0.2.1"
  resolved "https://registry.yarnpkg.com/priorityqueue/-/priorityqueue-0.2.1.tgz#f57e623f20237f30c142d4cb45fafed9e7d51403"

process-nextick-args@~2.0.0:
  version "2.0.0"
  resolved "https://registry.yarnpkg.com/process-nextick-args/-/process-nextick-args-2.0.0.tgz#a37d732f4271b4ab1ad070d35508e8290788ffaa"

promise@~1.3.0:
  version "1.3.0"
  resolved "https://registry.yarnpkg.com/promise/-/promise-1.3.0.tgz#e5cc9a4c8278e4664ffedc01c7da84842b040175"
  dependencies:
    is-promise "~1"

protobufjs@^6.8.6:
  version "6.8.6"
  resolved "https://registry.yarnpkg.com/protobufjs/-/protobufjs-6.8.6.tgz#ce3cf4fff9625b62966c455fc4c15e4331a11ca2"
  dependencies:
    "@protobufjs/aspromise" "^1.1.2"
    "@protobufjs/base64" "^1.1.2"
    "@protobufjs/codegen" "^2.0.4"
    "@protobufjs/eventemitter" "^1.1.0"
    "@protobufjs/fetch" "^1.1.0"
    "@protobufjs/float" "^1.0.2"
    "@protobufjs/inquire" "^1.1.0"
    "@protobufjs/path" "^1.1.2"
    "@protobufjs/pool" "^1.1.0"
    "@protobufjs/utf8" "^1.1.0"
    "@types/long" "^3.0.32"
    "@types/node" "^8.9.4"
    long "^4.0.0"

protocol-buffers-schema@^3.3.1:
  version "3.3.2"
  resolved "https://registry.yarnpkg.com/protocol-buffers-schema/-/protocol-buffers-schema-3.3.2.tgz#00434f608b4e8df54c59e070efeefc37fb4bb859"

protons@^1.0.0, protons@^1.0.1:
  version "1.0.1"
  resolved "https://registry.yarnpkg.com/protons/-/protons-1.0.1.tgz#1c107144c07fc2d1cb8b6cb76451e6a938237676"
  dependencies:
    protocol-buffers-schema "^3.3.1"
    safe-buffer "^5.1.1"
    signed-varint "^2.0.1"
    varint "^5.0.0"

pull-abortable@^4.1.1:
  version "4.1.1"
  resolved "https://registry.yarnpkg.com/pull-abortable/-/pull-abortable-4.1.1.tgz#b3ad5aefb4116b25916d26db89393ac98d0dcea1"

pull-cat@^1.1.9:
  version "1.1.11"
  resolved "https://registry.yarnpkg.com/pull-cat/-/pull-cat-1.1.11.tgz#b642dd1255da376a706b6db4fa962f5fdb74c31b"

pull-catch@^1.0.0:
  version "1.0.0"
  resolved "https://registry.yarnpkg.com/pull-catch/-/pull-catch-1.0.0.tgz#f58037eb5c282ccb506af9f76b0027d33931e48b"

pull-defer@^0.2.2, pull-defer@~0.2.2:
  version "0.2.2"
  resolved "https://registry.yarnpkg.com/pull-defer/-/pull-defer-0.2.2.tgz#0887b0ffb30af32a56dbecfa72c1672271f07b13"

pull-handshake@^1.1.4:
  version "1.1.4"
  resolved "https://registry.yarnpkg.com/pull-handshake/-/pull-handshake-1.1.4.tgz#6000a0fd018884cdfd737254f8cc60ab2a637791"
  dependencies:
    pull-cat "^1.1.9"
    pull-pair "~1.1.0"
    pull-pushable "^2.0.0"
    pull-reader "^1.2.3"

pull-length-prefixed@^1.3.0:
  version "1.3.0"
  resolved "https://registry.yarnpkg.com/pull-length-prefixed/-/pull-length-prefixed-1.3.0.tgz#99f3dac7ea4f896d905f4d2da224460811703a5e"
  dependencies:
    pull-pushable "^2.0.1"
    pull-reader "^1.2.9"
    safe-buffer "^5.0.1"
    varint "^5.0.0"

pull-pair@~1.1.0:
  version "1.1.0"
  resolved "https://registry.yarnpkg.com/pull-pair/-/pull-pair-1.1.0.tgz#7ee427263fdf4da825397ac0a05e1ab4b74bd76d"

pull-pushable@^2.0.0, pull-pushable@^2.0.1, pull-pushable@^2.2.0:
  version "2.2.0"
  resolved "https://registry.yarnpkg.com/pull-pushable/-/pull-pushable-2.2.0.tgz#5f2f3aed47ad86919f01b12a2e99d6f1bd776581"

pull-reader@^1.2.3, pull-reader@^1.2.9:
  version "1.2.9"
  resolved "https://registry.yarnpkg.com/pull-reader/-/pull-reader-1.2.9.tgz#d2e9ad00bcfb54e62aa66d42c2dbbcb5eb6843b0"

pull-stream-to-stream@^1.3.4:
  version "1.3.4"
  resolved "https://registry.yarnpkg.com/pull-stream-to-stream/-/pull-stream-to-stream-1.3.4.tgz#3f81d8216bd18d2bfd1a198190471180e2738399"

pull-stream@3.6.8, pull-stream@^3.2.3, pull-stream@^3.6.1, pull-stream@^3.6.7:
  version "3.6.8"
  resolved "https://registry.yarnpkg.com/pull-stream/-/pull-stream-3.6.8.tgz#d63dee1c55ff2023fd380f724c387e931b752413"

pull-ws@^3.3.1:
  version "3.3.1"
  resolved "https://registry.yarnpkg.com/pull-ws/-/pull-ws-3.3.1.tgz#a7a659c3144c29d3ad2a66969b943ec69c465768"
  dependencies:
    relative-url "^1.0.2"
    safe-buffer "^5.1.1"
    ws "^1.1.0"

pump@^3.0.0:
  version "3.0.0"
  resolved "https://registry.yarnpkg.com/pump/-/pump-3.0.0.tgz#b4a2116815bde2f4e1ea602354e8c75565107a64"
  dependencies:
    end-of-stream "^1.1.0"
    once "^1.3.1"

quick-lru@^1.1.0:
  version "1.1.0"
  resolved "https://registry.yarnpkg.com/quick-lru/-/quick-lru-1.1.0.tgz#4360b17c61136ad38078397ff11416e186dcfbb8"

randombytes@^2.0.3:
  version "2.0.6"
  resolved "https://registry.yarnpkg.com/randombytes/-/randombytes-2.0.6.tgz#d302c522948588848a8d300c932b44c24231da80"
  dependencies:
    safe-buffer "^5.1.0"

readable-stream@^2.0.0, readable-stream@^2.0.1, readable-stream@^2.1.5, readable-stream@^2.2.2, readable-stream@^2.2.9, readable-stream@^2.3.6:
  version "2.3.6"
  resolved "https://registry.yarnpkg.com/readable-stream/-/readable-stream-2.3.6.tgz#b11c27d88b8ff1fbe070643cf94b0c79ae1b0aaf"
  dependencies:
    core-util-is "~1.0.0"
    inherits "~2.0.3"
    isarray "~1.0.0"
    process-nextick-args "~2.0.0"
    safe-buffer "~5.1.1"
    string_decoder "~1.1.1"
    util-deprecate "~1.0.1"

relative-url@^1.0.2:
  version "1.0.2"
  resolved "https://registry.yarnpkg.com/relative-url/-/relative-url-1.0.2.tgz#d21c52a72d6061018bcee9f9c9fc106bf7d65287"

ripemd160@^2.0.0, ripemd160@^2.0.1:
  version "2.0.2"
  resolved "https://registry.yarnpkg.com/ripemd160/-/ripemd160-2.0.2.tgz#a1c1a6f624751577ba5d07914cbc92850585890c"
  dependencies:
    hash-base "^3.0.0"
    inherits "^2.0.1"

rsa-pem-to-jwk@^1.1.3:
  version "1.1.3"
  resolved "https://registry.yarnpkg.com/rsa-pem-to-jwk/-/rsa-pem-to-jwk-1.1.3.tgz#245e76bdb7e7234cfee7ca032d31b54c38fab98e"
  dependencies:
    object-assign "^2.0.0"
    rsa-unpack "0.0.6"

rsa-unpack@0.0.6:
  version "0.0.6"
  resolved "https://registry.yarnpkg.com/rsa-unpack/-/rsa-unpack-0.0.6.tgz#f50ebd56a628378e631f297161026ce9ab4eddba"
  dependencies:
    optimist "~0.3.5"

safe-buffer@^5.0.1, safe-buffer@^5.1.0, safe-buffer@^5.1.1, safe-buffer@~5.1.0, safe-buffer@~5.1.1:
  version "5.1.2"
  resolved "https://registry.yarnpkg.com/safe-buffer/-/safe-buffer-5.1.2.tgz#991ec69d296e0313747d59bdfd2b745c35f8828d"

secp256k1@^3.3.0:
  version "3.5.0"
  resolved "https://registry.yarnpkg.com/secp256k1/-/secp256k1-3.5.0.tgz#677d3b8a8e04e1a5fa381a1ae437c54207b738d0"
  dependencies:
    bindings "^1.2.1"
    bip66 "^1.1.3"
    bn.js "^4.11.3"
    create-hash "^1.1.2"
    drbg.js "^1.0.1"
    elliptic "^6.2.3"
    nan "^2.2.1"
    safe-buffer "^5.1.0"

semver@^5.5.0:
  version "5.5.0"
  resolved "https://registry.yarnpkg.com/semver/-/semver-5.5.0.tgz#dc4bbc7a6ca9d916dee5d43516f0092b58f7b8ab"

setimmediate@^1.0.5:
  version "1.0.5"
  resolved "https://registry.yarnpkg.com/setimmediate/-/setimmediate-1.0.5.tgz#290cbb232e306942d7d7ea9b83732ab7856f8285"

sha.js@^2.4.0, sha.js@^2.4.8:
  version "2.4.11"
  resolved "https://registry.yarnpkg.com/sha.js/-/sha.js-2.4.11.tgz#37a5cf0b81ecbc6943de109ba2960d1b26584ae7"
  dependencies:
    inherits "^2.0.1"
    safe-buffer "^5.0.1"

signed-varint@^2.0.1:
  version "2.0.1"
  resolved "https://registry.yarnpkg.com/signed-varint/-/signed-varint-2.0.1.tgz#50a9989da7c98c2c61dad119bc97470ef8528129"
  dependencies:
    varint "~5.0.0"

spdy-transport@^2.1.0:
  version "2.1.0"
  resolved "https://registry.yarnpkg.com/spdy-transport/-/spdy-transport-2.1.0.tgz#4bbb15aaffed0beefdd56ad61dbdc8ba3e2cb7a1"
  dependencies:
    debug "^2.6.8"
    detect-node "^2.0.3"
    hpack.js "^2.1.6"
    obuf "^1.1.1"
    readable-stream "^2.2.9"
    safe-buffer "^5.0.1"
    wbuf "^1.7.2"

sprintf-js@1.1.0:
  version "1.1.0"
  resolved "https://registry.yarnpkg.com/sprintf-js/-/sprintf-js-1.1.0.tgz#cffcaf702daf65ea39bb4e0fa2b299cec1a1be46"

stream-shift@^1.0.0:
  version "1.0.0"
  resolved "https://registry.yarnpkg.com/stream-shift/-/stream-shift-1.0.0.tgz#d5c752825e5367e786f78e18e445ea223a155952"

stream-to-pull-stream@^1.7.2:
  version "1.7.2"
  resolved "https://registry.yarnpkg.com/stream-to-pull-stream/-/stream-to-pull-stream-1.7.2.tgz#757609ae1cebd33c7432d4afbe31ff78650b9dde"
  dependencies:
    looper "^3.0.0"
    pull-stream "^3.2.3"

string_decoder@~1.1.1:
  version "1.1.1"
  resolved "https://registry.yarnpkg.com/string_decoder/-/string_decoder-1.1.1.tgz#9cf1611ba62685d7030ae9e4ba34149c3af03fc8"
  dependencies:
    safe-buffer "~5.1.0"

through2@^2.0.3:
  version "2.0.3"
  resolved "https://registry.yarnpkg.com/through2/-/through2-2.0.3.tgz#0004569b37c7c74ba39c43f3ced78d1ad94140be"
  dependencies:
    readable-stream "^2.1.5"
    xtend "~4.0.1"

thunky@^1.0.2:
  version "1.0.2"
  resolved "https://registry.yarnpkg.com/thunky/-/thunky-1.0.2.tgz#a862e018e3fb1ea2ec3fce5d55605cf57f247371"

time-cache@~0.3.0:
  version "0.3.0"
  resolved "https://registry.yarnpkg.com/time-cache/-/time-cache-0.3.0.tgz#ed0dfcf0fda45cdc95fbd601fda830ebf1bd5d8b"
  dependencies:
    lodash.throttle "^4.1.1"

timed-tape@~0.1.1:
  version "0.1.1"
  resolved "https://registry.yarnpkg.com/timed-tape/-/timed-tape-0.1.1.tgz#9b6e569f17e66c79f1eed2d25ff7962fc7418e49"

tweetnacl@^1.0.0:
  version "1.0.0"
  resolved "https://registry.yarnpkg.com/tweetnacl/-/tweetnacl-1.0.0.tgz#713d8b818da42068740bf68386d0479e66fc8a7b"

typedarray@^0.0.6:
  version "0.0.6"
  resolved "https://registry.yarnpkg.com/typedarray/-/typedarray-0.0.6.tgz#867ac74e3864187b1d3d47d996a78ec5c8830777"

ultron@1.0.x:
  version "1.0.2"
  resolved "https://registry.yarnpkg.com/ultron/-/ultron-1.0.2.tgz#ace116ab557cd197386a4e88f4685378c8b2e4fa"

util-deprecate@~1.0.1:
  version "1.0.2"
  resolved "https://registry.yarnpkg.com/util-deprecate/-/util-deprecate-1.0.2.tgz#450d4dc9fa70de732762fbd2d4a28981419a0ccf"

util@0.10.3:
  version "0.10.3"
  resolved "https://registry.yarnpkg.com/util/-/util-0.10.3.tgz#7afb1afe50805246489e3db7fe0ed379336ac0f9"
  dependencies:
    inherits "2.0.1"

uuid@^3.1.0, uuid@^3.2.1:
  version "3.2.1"
  resolved "https://registry.yarnpkg.com/uuid/-/uuid-3.2.1.tgz#12c528bb9d58d0b9265d9a2f6f0fe8be17ff1f14"

varint@^5.0.0, varint@~5.0.0:
  version "5.0.0"
  resolved "https://registry.yarnpkg.com/varint/-/varint-5.0.0.tgz#d826b89f7490732fabc0c0ed693ed475dcb29ebf"

wbuf@^1.1.0, wbuf@^1.7.2:
  version "1.7.3"
  resolved "https://registry.yarnpkg.com/wbuf/-/wbuf-1.7.3.tgz#c1d8d149316d3ea852848895cb6a0bfe887b87df"
  dependencies:
    minimalistic-assert "^1.0.0"

"webcrypto-shim@github:dignifiedquire/webcrypto-shim#master":
  version "0.1.1"
  resolved "https://codeload.github.com/dignifiedquire/webcrypto-shim/tar.gz/190bc9ec341375df6025b17ae12ddb2428ea49c8"

wordwrap@~0.0.2:
  version "0.0.3"
  resolved "https://registry.yarnpkg.com/wordwrap/-/wordwrap-0.0.3.tgz#a3d5da6cd5c0bc0008d37234bbaf1bed63059107"

wrappy@1:
  version "1.0.2"
  resolved "https://registry.yarnpkg.com/wrappy/-/wrappy-1.0.2.tgz#b5243d8f3ec1aa35f1364605bc0d1036e30ab69f"

ws@^1.1.0:
  version "1.1.5"
  resolved "https://registry.yarnpkg.com/ws/-/ws-1.1.5.tgz#cbd9e6e75e09fc5d2c90015f21f0c40875e0dd51"
  dependencies:
    options ">=0.0.5"
    ultron "1.0.x"

xor-distance@^1.0.0:
  version "1.0.0"
  resolved "https://registry.yarnpkg.com/xor-distance/-/xor-distance-1.0.0.tgz#da735d9b24fcca8dbcd9b374d16d2a01ee9541c6"

xtend@^4.0.1, xtend@~4.0.1:
  version "4.0.1"
  resolved "https://registry.yarnpkg.com/xtend/-/xtend-4.0.1.tgz#a5c6d532be656e23db820efb943a1f04998d63af"
